// !$*UTF8*$!
{
	archiveVersion = 1;
	classes = {
	};
	objectVersion = 46;
	objects = {

/* Begin PBXBuildFile section */
		3490E0BB1B8E40C900EA760D /* GlobalVariables.swift in Sources */ = {isa = PBXBuildFile; fileRef = 3490E0BA1B8E40C900EA760D /* GlobalVariables.swift */; };
		6B0315521B8E72E1000AE4AA /* deadHotDog.png in Resources */ = {isa = PBXBuildFile; fileRef = 6B03154F1B8E72E1000AE4AA /* deadHotDog.png */; };
		6B0315531B8E72E1000AE4AA /* pause.png in Resources */ = {isa = PBXBuildFile; fileRef = 6B0315501B8E72E1000AE4AA /* pause.png */; };
		6B0315541B8E72E1000AE4AA /* resume.png in Resources */ = {isa = PBXBuildFile; fileRef = 6B0315511B8E72E1000AE4AA /* resume.png */; };
		6B0315561B8E9101000AE4AA /* bun.png in Resources */ = {isa = PBXBuildFile; fileRef = 6B0315551B8E9101000AE4AA /* bun.png */; };
		6B0315581B8EA48F000AE4AA /* title.png in Resources */ = {isa = PBXBuildFile; fileRef = 6B0315571B8EA48F000AE4AA /* title.png */; };
		6B03155A1B8EA538000AE4AA /* rope.png in Resources */ = {isa = PBXBuildFile; fileRef = 6B0315591B8EA538000AE4AA /* rope.png */; };
		6B03155D1B8EADCD000AE4AA /* desert.png in Resources */ = {isa = PBXBuildFile; fileRef = 6B03155B1B8EADCD000AE4AA /* desert.png */; };
		6B03155E1B8EADCD000AE4AA /* desertWithHotDog.png in Resources */ = {isa = PBXBuildFile; fileRef = 6B03155C1B8EADCD000AE4AA /* desertWithHotDog.png */; };
		6B0315721B8EFCA3000AE4AA /* menuButton.png in Resources */ = {isa = PBXBuildFile; fileRef = 6B03156F1B8EFCA3000AE4AA /* menuButton.png */; };
		6B0315731B8EFCA3000AE4AA /* retryButton.png in Resources */ = {isa = PBXBuildFile; fileRef = 6B0315701B8EFCA3000AE4AA /* retryButton.png */; };
		6B0315741B8EFCA3000AE4AA /* shareButton.png in Resources */ = {isa = PBXBuildFile; fileRef = 6B0315711B8EFCA3000AE4AA /* shareButton.png */; };
		6B0315761B8F816D000AE4AA /* bunView.png in Resources */ = {isa = PBXBuildFile; fileRef = 6B0315751B8F816D000AE4AA /* bunView.png */; };
		6B5218891B8BE15700BF9DA4 /* hotdog.png in Resources */ = {isa = PBXBuildFile; fileRef = 6B5218881B8BE15700BF9DA4 /* hotdog.png */; };
		6B52188D1B8C474D00BF9DA4 /* Images.xcassets in Resources */ = {isa = PBXBuildFile; fileRef = 6B52188C1B8C474D00BF9DA4 /* Images.xcassets */; };
		6B52188F1B8C51F100BF9DA4 /* gameBackground.png in Resources */ = {isa = PBXBuildFile; fileRef = 6B52188E1B8C51F100BF9DA4 /* gameBackground.png */; };
		6B5218991B8D44F400BF9DA4 /* SettingsViewController.swift in Sources */ = {isa = PBXBuildFile; fileRef = 6B5218981B8D44F400BF9DA4 /* SettingsViewController.swift */; };
		6B52189B1B8D4FE000BF9DA4 /* cactus.png in Resources */ = {isa = PBXBuildFile; fileRef = 6B52189A1B8D4FE000BF9DA4 /* cactus.png */; };
		6B5218BE1B8DAA8D00BF9DA4 /* 1.png in Resources */ = {isa = PBXBuildFile; fileRef = 6B5218B81B8DAA8D00BF9DA4 /* 1.png */; };
		6B5218BF1B8DAA8D00BF9DA4 /* 2.png in Resources */ = {isa = PBXBuildFile; fileRef = 6B5218B91B8DAA8D00BF9DA4 /* 2.png */; };
		6B5218C01B8DAA8D00BF9DA4 /* 3.png in Resources */ = {isa = PBXBuildFile; fileRef = 6B5218BA1B8DAA8D00BF9DA4 /* 3.png */; };
		6B5218C11B8DAA8D00BF9DA4 /* 4.png in Resources */ = {isa = PBXBuildFile; fileRef = 6B5218BB1B8DAA8D00BF9DA4 /* 4.png */; };
		6B5218C21B8DAA8D00BF9DA4 /* 5.png in Resources */ = {isa = PBXBuildFile; fileRef = 6B5218BC1B8DAA8D00BF9DA4 /* 5.png */; };
		6B5218C31B8DAA8D00BF9DA4 /* 6.png in Resources */ = {isa = PBXBuildFile; fileRef = 6B5218BD1B8DAA8D00BF9DA4 /* 6.png */; };
		6B5218C51B8DABE000BF9DA4 /* HelpViewController.swift in Sources */ = {isa = PBXBuildFile; fileRef = 6B5218C41B8DABE000BF9DA4 /* HelpViewController.swift */; };
		6BCED7231B8BAFBC006967AC /* MenuViewController.swift in Sources */ = {isa = PBXBuildFile; fileRef = 6BCED7221B8BAFBC006967AC /* MenuViewController.swift */; };
		AE65B1EB1B8CFEAC008EF023 /* Block1.png in Resources */ = {isa = PBXBuildFile; fileRef = AE65B1E61B8CFEAC008EF023 /* Block1.png */; };
		AE65B1ED1B8CFEAC008EF023 /* Block3.png in Resources */ = {isa = PBXBuildFile; fileRef = AE65B1E81B8CFEAC008EF023 /* Block3.png */; };
		AE65B1EE1B8CFEAC008EF023 /* Block4.png in Resources */ = {isa = PBXBuildFile; fileRef = AE65B1E91B8CFEAC008EF023 /* Block4.png */; };
		AE65B1F11B8CFEE5008EF023 /* Block2.png in Resources */ = {isa = PBXBuildFile; fileRef = AE65B1F01B8CFEE5008EF023 /* Block2.png */; };
		AE8826C81B8DD7CA00486B91 /* bensoundCute.mp3 in Resources */ = {isa = PBXBuildFile; fileRef = AE8826C51B8DD7CA00486B91 /* bensoundCute.mp3 */; };
		AE8826C91B8DD7CA00486B91 /* bensoundFunnysong.mp3 in Resources */ = {isa = PBXBuildFile; fileRef = AE8826C61B8DD7CA00486B91 /* bensoundFunnysong.mp3 */; };
		AE8826CA1B8DD7CA00486B91 /* bensoundBetterdays.mp3 in Resources */ = {isa = PBXBuildFile; fileRef = AE8826C71B8DD7CA00486B91 /* bensoundBetterdays.mp3 */; };
		AE8826CC1B8DD87900486B91 /* BackgroundMusic.swift in Sources */ = {isa = PBXBuildFile; fileRef = AE8826CB1B8DD87900486B91 /* BackgroundMusic.swift */; };
		AE8826CE1B8DE06200486B91 /* SquishFart.mp3 in Resources */ = {isa = PBXBuildFile; fileRef = AE8826CD1B8DE06200486B91 /* SquishFart.mp3 */; };
		AEC2DF471B8BD80600B99985 /* CreatePath.swift in Sources */ = {isa = PBXBuildFile; fileRef = AEC2DF461B8BD80600B99985 /* CreatePath.swift */; };
		AECDC3CB1B8F83F400310CE0 /* SoundFX.swift in Sources */ = {isa = PBXBuildFile; fileRef = AECDC3CA1B8F83F400310CE0 /* SoundFX.swift */; };
		AECDC3CD1B8F8A5300310CE0 /* jump.mp3 in Resources */ = {isa = PBXBuildFile; fileRef = AECDC3CC1B8F8A5300310CE0 /* jump.mp3 */; };
		AECDC3CF1B8F8C9E00310CE0 /* death.mp3 in Resources */ = {isa = PBXBuildFile; fileRef = AECDC3CE1B8F8C9E00310CE0 /* death.mp3 */; };
		B535A7EA1B8B8BF1000AF550 /* RandomElements.swift in Sources */ = {isa = PBXBuildFile; fileRef = B535A7E91B8B8BF1000AF550 /* RandomElements.swift */; };
		B535A7EE1B8BA2A5000AF550 /* Constants.swift in Sources */ = {isa = PBXBuildFile; fileRef = B535A7ED1B8BA2A5000AF550 /* Constants.swift */; };
		B535A7F01B8BB231000AF550 /* RandomCaller.swift in Sources */ = {isa = PBXBuildFile; fileRef = B535A7EF1B8BB231000AF550 /* RandomCaller.swift */; };
		B57D73FE1B87D89200B3838B /* AppDelegate.swift in Sources */ = {isa = PBXBuildFile; fileRef = B57D73FD1B87D89200B3838B /* AppDelegate.swift */; };
		B57D74001B87D89200B3838B /* GameScene.sks in Resources */ = {isa = PBXBuildFile; fileRef = B57D73FF1B87D89200B3838B /* GameScene.sks */; };
		B57D74021B87D89200B3838B /* GameScene.swift in Sources */ = {isa = PBXBuildFile; fileRef = B57D74011B87D89200B3838B /* GameScene.swift */; };
		B57D74041B87D89200B3838B /* GameViewController.swift in Sources */ = {isa = PBXBuildFile; fileRef = B57D74031B87D89200B3838B /* GameViewController.swift */; };
		B57D74071B87D89200B3838B /* Main.storyboard in Resources */ = {isa = PBXBuildFile; fileRef = B57D74051B87D89200B3838B /* Main.storyboard */; };
		B57D740C1B87D89200B3838B /* LaunchScreen.xib in Resources */ = {isa = PBXBuildFile; fileRef = B57D740A1B87D89200B3838B /* LaunchScreen.xib */; };
		B57D74181B87D89200B3838B /* Food_RollerTests.swift in Sources */ = {isa = PBXBuildFile; fileRef = B57D74171B87D89200B3838B /* Food_RollerTests.swift */; };
		B5B9BDA11B8F6C47000B7D4B /* Block5.png in Resources */ = {isa = PBXBuildFile; fileRef = B5B9BDA01B8F6C47000B7D4B /* Block5.png */; };
/* End PBXBuildFile section */

/* Begin PBXContainerItemProxy section */
		B57D74121B87D89200B3838B /* PBXContainerItemProxy */ = {
			isa = PBXContainerItemProxy;
			containerPortal = B57D73F01B87D89200B3838B /* Project object */;
			proxyType = 1;
			remoteGlobalIDString = B57D73F71B87D89200B3838B;
			remoteInfo = "Food Roller";
		};
/* End PBXContainerItemProxy section */

/* Begin PBXFileReference section */
		3490E0BA1B8E40C900EA760D /* GlobalVariables.swift */ = {isa = PBXFileReference; fileEncoding = 4; lastKnownFileType = sourcecode.swift; path = GlobalVariables.swift; sourceTree = "<group>"; };
		6B03154F1B8E72E1000AE4AA /* deadHotDog.png */ = {isa = PBXFileReference; lastKnownFileType = image.png; path = deadHotDog.png; sourceTree = "<group>"; };
		6B0315501B8E72E1000AE4AA /* pause.png */ = {isa = PBXFileReference; lastKnownFileType = image.png; path = pause.png; sourceTree = "<group>"; };
		6B0315511B8E72E1000AE4AA /* resume.png */ = {isa = PBXFileReference; lastKnownFileType = image.png; path = resume.png; sourceTree = "<group>"; };
		6B0315551B8E9101000AE4AA /* bun.png */ = {isa = PBXFileReference; lastKnownFileType = image.png; path = bun.png; sourceTree = "<group>"; };
		6B0315571B8EA48F000AE4AA /* title.png */ = {isa = PBXFileReference; lastKnownFileType = image.png; path = title.png; sourceTree = "<group>"; };
		6B0315591B8EA538000AE4AA /* rope.png */ = {isa = PBXFileReference; lastKnownFileType = image.png; path = rope.png; sourceTree = "<group>"; };
		6B03155B1B8EADCD000AE4AA /* desert.png */ = {isa = PBXFileReference; lastKnownFileType = image.png; path = desert.png; sourceTree = "<group>"; };
		6B03155C1B8EADCD000AE4AA /* desertWithHotDog.png */ = {isa = PBXFileReference; lastKnownFileType = image.png; path = desertWithHotDog.png; sourceTree = "<group>"; };
		6B03156F1B8EFCA3000AE4AA /* menuButton.png */ = {isa = PBXFileReference; lastKnownFileType = image.png; path = menuButton.png; sourceTree = "<group>"; };
		6B0315701B8EFCA3000AE4AA /* retryButton.png */ = {isa = PBXFileReference; lastKnownFileType = image.png; path = retryButton.png; sourceTree = "<group>"; };
		6B0315711B8EFCA3000AE4AA /* shareButton.png */ = {isa = PBXFileReference; lastKnownFileType = image.png; path = shareButton.png; sourceTree = "<group>"; };
		6B0315751B8F816D000AE4AA /* bunView.png */ = {isa = PBXFileReference; lastKnownFileType = image.png; path = bunView.png; sourceTree = "<group>"; };
		6B5218881B8BE15700BF9DA4 /* hotdog.png */ = {isa = PBXFileReference; lastKnownFileType = image.png; path = hotdog.png; sourceTree = "<group>"; };
		6B52188C1B8C474D00BF9DA4 /* Images.xcassets */ = {isa = PBXFileReference; lastKnownFileType = folder.assetcatalog; path = Images.xcassets; sourceTree = "<group>"; };
		6B52188E1B8C51F100BF9DA4 /* gameBackground.png */ = {isa = PBXFileReference; lastKnownFileType = image.png; path = gameBackground.png; sourceTree = "<group>"; };
		6B5218981B8D44F400BF9DA4 /* SettingsViewController.swift */ = {isa = PBXFileReference; fileEncoding = 4; lastKnownFileType = sourcecode.swift; path = SettingsViewController.swift; sourceTree = "<group>"; };
		6B52189A1B8D4FE000BF9DA4 /* cactus.png */ = {isa = PBXFileReference; lastKnownFileType = image.png; path = cactus.png; sourceTree = "<group>"; };
		6B5218B81B8DAA8D00BF9DA4 /* 1.png */ = {isa = PBXFileReference; lastKnownFileType = image.png; path = 1.png; sourceTree = "<group>"; };
		6B5218B91B8DAA8D00BF9DA4 /* 2.png */ = {isa = PBXFileReference; lastKnownFileType = image.png; path = 2.png; sourceTree = "<group>"; };
		6B5218BA1B8DAA8D00BF9DA4 /* 3.png */ = {isa = PBXFileReference; lastKnownFileType = image.png; path = 3.png; sourceTree = "<group>"; };
		6B5218BB1B8DAA8D00BF9DA4 /* 4.png */ = {isa = PBXFileReference; lastKnownFileType = image.png; path = 4.png; sourceTree = "<group>"; };
		6B5218BC1B8DAA8D00BF9DA4 /* 5.png */ = {isa = PBXFileReference; lastKnownFileType = image.png; path = 5.png; sourceTree = "<group>"; };
		6B5218BD1B8DAA8D00BF9DA4 /* 6.png */ = {isa = PBXFileReference; lastKnownFileType = image.png; path = 6.png; sourceTree = "<group>"; };
		6B5218C41B8DABE000BF9DA4 /* HelpViewController.swift */ = {isa = PBXFileReference; fileEncoding = 4; lastKnownFileType = sourcecode.swift; path = HelpViewController.swift; sourceTree = "<group>"; };
		6BCED7221B8BAFBC006967AC /* MenuViewController.swift */ = {isa = PBXFileReference; fileEncoding = 4; lastKnownFileType = sourcecode.swift; path = MenuViewController.swift; sourceTree = "<group>"; };
		AE65B1E61B8CFEAC008EF023 /* Block1.png */ = {isa = PBXFileReference; lastKnownFileType = image.png; path = Block1.png; sourceTree = "<group>"; };
		AE65B1E81B8CFEAC008EF023 /* Block3.png */ = {isa = PBXFileReference; lastKnownFileType = image.png; path = Block3.png; sourceTree = "<group>"; };
		AE65B1E91B8CFEAC008EF023 /* Block4.png */ = {isa = PBXFileReference; lastKnownFileType = image.png; path = Block4.png; sourceTree = "<group>"; };
		AE65B1F01B8CFEE5008EF023 /* Block2.png */ = {isa = PBXFileReference; lastKnownFileType = image.png; path = Block2.png; sourceTree = "<group>"; };
		AE8826C51B8DD7CA00486B91 /* bensoundCute.mp3 */ = {isa = PBXFileReference; lastKnownFileType = audio.mp3; path = bensoundCute.mp3; sourceTree = "<group>"; };
		AE8826C61B8DD7CA00486B91 /* bensoundFunnysong.mp3 */ = {isa = PBXFileReference; lastKnownFileType = audio.mp3; path = bensoundFunnysong.mp3; sourceTree = "<group>"; };
		AE8826C71B8DD7CA00486B91 /* bensoundBetterdays.mp3 */ = {isa = PBXFileReference; lastKnownFileType = audio.mp3; path = bensoundBetterdays.mp3; sourceTree = "<group>"; };
		AE8826CB1B8DD87900486B91 /* BackgroundMusic.swift */ = {isa = PBXFileReference; fileEncoding = 4; lastKnownFileType = sourcecode.swift; path = BackgroundMusic.swift; sourceTree = "<group>"; };
		AE8826CD1B8DE06200486B91 /* SquishFart.mp3 */ = {isa = PBXFileReference; lastKnownFileType = audio.mp3; path = SquishFart.mp3; sourceTree = "<group>"; };
		AEC2DF461B8BD80600B99985 /* CreatePath.swift */ = {isa = PBXFileReference; fileEncoding = 4; lastKnownFileType = sourcecode.swift; path = CreatePath.swift; sourceTree = "<group>"; };
		AECDC3CA1B8F83F400310CE0 /* SoundFX.swift */ = {isa = PBXFileReference; fileEncoding = 4; lastKnownFileType = sourcecode.swift; path = SoundFX.swift; sourceTree = "<group>"; };
		AECDC3CC1B8F8A5300310CE0 /* jump.mp3 */ = {isa = PBXFileReference; lastKnownFileType = audio.mp3; path = jump.mp3; sourceTree = "<group>"; };
		AECDC3CE1B8F8C9E00310CE0 /* death.mp3 */ = {isa = PBXFileReference; lastKnownFileType = audio.mp3; path = death.mp3; sourceTree = "<group>"; };
		B535A7E91B8B8BF1000AF550 /* RandomElements.swift */ = {isa = PBXFileReference; fileEncoding = 4; lastKnownFileType = sourcecode.swift; path = RandomElements.swift; sourceTree = "<group>"; };
		B535A7ED1B8BA2A5000AF550 /* Constants.swift */ = {isa = PBXFileReference; fileEncoding = 4; lastKnownFileType = sourcecode.swift; path = Constants.swift; sourceTree = "<group>"; };
		B535A7EF1B8BB231000AF550 /* RandomCaller.swift */ = {isa = PBXFileReference; fileEncoding = 4; lastKnownFileType = sourcecode.swift; path = RandomCaller.swift; sourceTree = "<group>"; };
		B57D73F81B87D89200B3838B /* Food Roller.app */ = {isa = PBXFileReference; explicitFileType = wrapper.application; includeInIndex = 0; path = "Food Roller.app"; sourceTree = BUILT_PRODUCTS_DIR; };
		B57D73FC1B87D89200B3838B /* Info.plist */ = {isa = PBXFileReference; lastKnownFileType = text.plist.xml; path = Info.plist; sourceTree = "<group>"; };
		B57D73FD1B87D89200B3838B /* AppDelegate.swift */ = {isa = PBXFileReference; lastKnownFileType = sourcecode.swift; path = AppDelegate.swift; sourceTree = "<group>"; };
		B57D73FF1B87D89200B3838B /* GameScene.sks */ = {isa = PBXFileReference; lastKnownFileType = file.sks; path = GameScene.sks; sourceTree = "<group>"; };
		B57D74011B87D89200B3838B /* GameScene.swift */ = {isa = PBXFileReference; lastKnownFileType = sourcecode.swift; path = GameScene.swift; sourceTree = "<group>"; };
		B57D74031B87D89200B3838B /* GameViewController.swift */ = {isa = PBXFileReference; lastKnownFileType = sourcecode.swift; path = GameViewController.swift; sourceTree = "<group>"; };
		B57D74061B87D89200B3838B /* Base */ = {isa = PBXFileReference; lastKnownFileType = file.storyboard; name = Base; path = Base.lproj/Main.storyboard; sourceTree = "<group>"; };
		B57D740B1B87D89200B3838B /* Base */ = {isa = PBXFileReference; lastKnownFileType = file.xib; name = Base; path = Base.lproj/LaunchScreen.xib; sourceTree = "<group>"; };
		B57D74111B87D89200B3838B /* Food RollerTests.xctest */ = {isa = PBXFileReference; explicitFileType = wrapper.cfbundle; includeInIndex = 0; path = "Food RollerTests.xctest"; sourceTree = BUILT_PRODUCTS_DIR; };
		B57D74161B87D89200B3838B /* Info.plist */ = {isa = PBXFileReference; lastKnownFileType = text.plist.xml; path = Info.plist; sourceTree = "<group>"; };
		B57D74171B87D89200B3838B /* Food_RollerTests.swift */ = {isa = PBXFileReference; lastKnownFileType = sourcecode.swift; path = Food_RollerTests.swift; sourceTree = "<group>"; };
		B5B9BDA01B8F6C47000B7D4B /* Block5.png */ = {isa = PBXFileReference; lastKnownFileType = image.png; path = Block5.png; sourceTree = "<group>"; };
/* End PBXFileReference section */

/* Begin PBXFrameworksBuildPhase section */
		B57D73F51B87D89200B3838B /* Frameworks */ = {
			isa = PBXFrameworksBuildPhase;
			buildActionMask = 2147483647;
			files = (
			);
			runOnlyForDeploymentPostprocessing = 0;
		};
		B57D740E1B87D89200B3838B /* Frameworks */ = {
			isa = PBXFrameworksBuildPhase;
			buildActionMask = 2147483647;
			files = (
			);
			runOnlyForDeploymentPostprocessing = 0;
		};
/* End PBXFrameworksBuildPhase section */

/* Begin PBXGroup section */
		6B5218C61B8DB94300BF9DA4 /* HotDog */ = {
			isa = PBXGroup;
			children = (
				6B5218B81B8DAA8D00BF9DA4 /* 1.png */,
				6B5218B91B8DAA8D00BF9DA4 /* 2.png */,
				6B5218BA1B8DAA8D00BF9DA4 /* 3.png */,
				6B5218BB1B8DAA8D00BF9DA4 /* 4.png */,
				6B5218BC1B8DAA8D00BF9DA4 /* 5.png */,
				6B5218BD1B8DAA8D00BF9DA4 /* 6.png */,
			);
			name = HotDog;
			sourceTree = "<group>";
		};
		6B5218C71B8DB95C00BF9DA4 /* Tiles */ = {
			isa = PBXGroup;
			children = (
				AE65B1E61B8CFEAC008EF023 /* Block1.png */,
				AE65B1F01B8CFEE5008EF023 /* Block2.png */,
				AE65B1E81B8CFEAC008EF023 /* Block3.png */,
				AE65B1E91B8CFEAC008EF023 /* Block4.png */,
				B5B9BDA01B8F6C47000B7D4B /* Block5.png */,
			);
			name = Tiles;
			sourceTree = "<group>";
		};
		6B5218C81B8DB97A00BF9DA4 /* MenuImages */ = {
			isa = PBXGroup;
			children = (
				6B03155B1B8EADCD000AE4AA /* desert.png */,
				6B03155C1B8EADCD000AE4AA /* desertWithHotDog.png */,
				6B0315591B8EA538000AE4AA /* rope.png */,
				6B0315571B8EA48F000AE4AA /* title.png */,
			);
			name = MenuImages;
			sourceTree = "<group>";
		};
		6B5218C91B8DB99C00BF9DA4 /* GameSceneImages */ = {
			isa = PBXGroup;
			children = (
				6B03154F1B8E72E1000AE4AA /* deadHotDog.png */,
				6B03156F1B8EFCA3000AE4AA /* menuButton.png */,
				6B0315701B8EFCA3000AE4AA /* retryButton.png */,
				6B0315711B8EFCA3000AE4AA /* shareButton.png */,
				6B0315551B8E9101000AE4AA /* bun.png */,
				6B0315501B8E72E1000AE4AA /* pause.png */,
				6B0315751B8F816D000AE4AA /* bunView.png */,
				6B0315511B8E72E1000AE4AA /* resume.png */,
				6B52188E1B8C51F100BF9DA4 /* gameBackground.png */,
				6B52189A1B8D4FE000BF9DA4 /* cactus.png */,
			);
			name = GameSceneImages;
			sourceTree = "<group>";
		};
		AE8826CF1B8E2FE500486B91 /* Sounds */ = {
			isa = PBXGroup;
			children = (
				AECDC3CE1B8F8C9E00310CE0 /* death.mp3 */,
				AE8826C51B8DD7CA00486B91 /* bensoundCute.mp3 */,
				AE8826C61B8DD7CA00486B91 /* bensoundFunnysong.mp3 */,
				AE8826C71B8DD7CA00486B91 /* bensoundBetterdays.mp3 */,
				AECDC3CC1B8F8A5300310CE0 /* jump.mp3 */,
				AE8826CD1B8DE06200486B91 /* SquishFart.mp3 */,
			);
			name = Sounds;
			sourceTree = "<group>";
		};
		B535A7E61B8B8B08000AF550 /* Models */ = {
			isa = PBXGroup;
			children = (
				AEC2DF461B8BD80600B99985 /* CreatePath.swift */,
				B535A7E91B8B8BF1000AF550 /* RandomElements.swift */,
				B535A7EF1B8BB231000AF550 /* RandomCaller.swift */,
				AE8826CB1B8DD87900486B91 /* BackgroundMusic.swift */,
				AECDC3CA1B8F83F400310CE0 /* SoundFX.swift */,
				3490E0BA1B8E40C900EA760D /* GlobalVariables.swift */,
				B535A7ED1B8BA2A5000AF550 /* Constants.swift */,
			);
			name = Models;
			sourceTree = "<group>";
		};
		B535A7E71B8B8B11000AF550 /* Views */ = {
			isa = PBXGroup;
			children = (
				B57D74051B87D89200B3838B /* Main.storyboard */,
				B57D740A1B87D89200B3838B /* LaunchScreen.xib */,
			);
			name = Views;
			sourceTree = "<group>";
		};
		B535A7E81B8B8B26000AF550 /* Controllers */ = {
			isa = PBXGroup;
			children = (
				B57D74011B87D89200B3838B /* GameScene.swift */,
				B57D73FF1B87D89200B3838B /* GameScene.sks */,
				B57D74031B87D89200B3838B /* GameViewController.swift */,
				6B5218981B8D44F400BF9DA4 /* SettingsViewController.swift */,
				6B5218C41B8DABE000BF9DA4 /* HelpViewController.swift */,
				6BCED7221B8BAFBC006967AC /* MenuViewController.swift */,
			);
			name = Controllers;
			sourceTree = "<group>";
		};
		B57D73EF1B87D89200B3838B = {
			isa = PBXGroup;
			children = (
				B57D73FA1B87D89200B3838B /* Food Roller */,
				B57D74141B87D89200B3838B /* Food RollerTests */,
				B57D73F91B87D89200B3838B /* Products */,
			);
			sourceTree = "<group>";
		};
		B57D73F91B87D89200B3838B /* Products */ = {
			isa = PBXGroup;
			children = (
				B57D73F81B87D89200B3838B /* Food Roller.app */,
				B57D74111B87D89200B3838B /* Food RollerTests.xctest */,
			);
			name = Products;
			sourceTree = "<group>";
		};
		B57D73FA1B87D89200B3838B /* Food Roller */ = {
			isa = PBXGroup;
			children = (
				B535A7E61B8B8B08000AF550 /* Models */,
				B535A7E71B8B8B11000AF550 /* Views */,
				B535A7E81B8B8B26000AF550 /* Controllers */,
				B57D73FB1B87D89200B3838B /* Supporting Files */,
			);
			path = "Food Roller";
			sourceTree = "<group>";
		};
		B57D73FB1B87D89200B3838B /* Supporting Files */ = {
			isa = PBXGroup;
			children = (
				6B5218C91B8DB99C00BF9DA4 /* GameSceneImages */,
				6B5218C81B8DB97A00BF9DA4 /* MenuImages */,
				6B5218C71B8DB95C00BF9DA4 /* Tiles */,
				AE8826CF1B8E2FE500486B91 /* Sounds */,
				6B5218C61B8DB94300BF9DA4 /* HotDog */,
				6B52188C1B8C474D00BF9DA4 /* Images.xcassets */,
				B57D73FD1B87D89200B3838B /* AppDelegate.swift */,
				6B5218881B8BE15700BF9DA4 /* hotdog.png */,
				B57D73FC1B87D89200B3838B /* Info.plist */,
			);
			name = "Supporting Files";
			sourceTree = "<group>";
		};
		B57D74141B87D89200B3838B /* Food RollerTests */ = {
			isa = PBXGroup;
			children = (
				B57D74171B87D89200B3838B /* Food_RollerTests.swift */,
				B57D74151B87D89200B3838B /* Supporting Files */,
			);
			path = "Food RollerTests";
			sourceTree = "<group>";
		};
		B57D74151B87D89200B3838B /* Supporting Files */ = {
			isa = PBXGroup;
			children = (
				B57D74161B87D89200B3838B /* Info.plist */,
			);
			name = "Supporting Files";
			sourceTree = "<group>";
		};
/* End PBXGroup section */

/* Begin PBXNativeTarget section */
		B57D73F71B87D89200B3838B /* Food Roller */ = {
			isa = PBXNativeTarget;
			buildConfigurationList = B57D741B1B87D89200B3838B /* Build configuration list for PBXNativeTarget "Food Roller" */;
			buildPhases = (
				B57D73F41B87D89200B3838B /* Sources */,
				B57D73F51B87D89200B3838B /* Frameworks */,
				B57D73F61B87D89200B3838B /* Resources */,
			);
			buildRules = (
			);
			dependencies = (
			);
			name = "Food Roller";
			productName = "Food Roller";
			productReference = B57D73F81B87D89200B3838B /* Food Roller.app */;
			productType = "com.apple.product-type.application";
		};
		B57D74101B87D89200B3838B /* Food RollerTests */ = {
			isa = PBXNativeTarget;
			buildConfigurationList = B57D741E1B87D89200B3838B /* Build configuration list for PBXNativeTarget "Food RollerTests" */;
			buildPhases = (
				B57D740D1B87D89200B3838B /* Sources */,
				B57D740E1B87D89200B3838B /* Frameworks */,
				B57D740F1B87D89200B3838B /* Resources */,
			);
			buildRules = (
			);
			dependencies = (
				B57D74131B87D89200B3838B /* PBXTargetDependency */,
			);
			name = "Food RollerTests";
			productName = "Food RollerTests";
			productReference = B57D74111B87D89200B3838B /* Food RollerTests.xctest */;
			productType = "com.apple.product-type.bundle.unit-test";
		};
/* End PBXNativeTarget section */

/* Begin PBXProject section */
		B57D73F01B87D89200B3838B /* Project object */ = {
			isa = PBXProject;
			attributes = {
				LastSwiftUpdateCheck = 0700;
				LastUpgradeCheck = 0640;
				ORGANIZATIONNAME = "Benjamin Laddin";
				TargetAttributes = {
					B57D73F71B87D89200B3838B = {
						CreatedOnToolsVersion = 6.4;
						DevelopmentTeam = 7BYM9FUB94;
					};
					B57D74101B87D89200B3838B = {
						CreatedOnToolsVersion = 6.4;
						TestTargetID = B57D73F71B87D89200B3838B;
					};
				};
			};
			buildConfigurationList = B57D73F31B87D89200B3838B /* Build configuration list for PBXProject "Food Roller" */;
			compatibilityVersion = "Xcode 3.2";
			developmentRegion = English;
			hasScannedForEncodings = 0;
			knownRegions = (
				en,
				Base,
			);
			mainGroup = B57D73EF1B87D89200B3838B;
			productRefGroup = B57D73F91B87D89200B3838B /* Products */;
			projectDirPath = "";
			projectRoot = "";
			targets = (
				B57D73F71B87D89200B3838B /* Food Roller */,
				B57D74101B87D89200B3838B /* Food RollerTests */,
			);
		};
/* End PBXProject section */

/* Begin PBXResourcesBuildPhase section */
		B57D73F61B87D89200B3838B /* Resources */ = {
			isa = PBXResourcesBuildPhase;
			buildActionMask = 2147483647;
			files = (
				6B5218C31B8DAA8D00BF9DA4 /* 6.png in Resources */,
				6B52189B1B8D4FE000BF9DA4 /* cactus.png in Resources */,
				6B5218BE1B8DAA8D00BF9DA4 /* 1.png in Resources */,
				6B0315721B8EFCA3000AE4AA /* menuButton.png in Resources */,
				6B0315741B8EFCA3000AE4AA /* shareButton.png in Resources */,
				6B0315731B8EFCA3000AE4AA /* retryButton.png in Resources */,
				B57D740C1B87D89200B3838B /* LaunchScreen.xib in Resources */,
				AE65B1EE1B8CFEAC008EF023 /* Block4.png in Resources */,
				6B5218C01B8DAA8D00BF9DA4 /* 3.png in Resources */,
				6B5218951B8C60F400BF9DA4 /* desert.png in Resources */,
				AECDC3CD1B8F8A5300310CE0 /* jump.mp3 in Resources */,
				6B03155A1B8EA538000AE4AA /* rope.png in Resources */,
				6B5218BF1B8DAA8D00BF9DA4 /* 2.png in Resources */,
				6B5218C11B8DAA8D00BF9DA4 /* 4.png in Resources */,
				AE65B1EB1B8CFEAC008EF023 /* Block1.png in Resources */,
				6B52188D1B8C474D00BF9DA4 /* Images.xcassets in Resources */,
				B57D74001B87D89200B3838B /* GameScene.sks in Resources */,
				6B03155D1B8EADCD000AE4AA /* desert.png in Resources */,
				AE65B1ED1B8CFEAC008EF023 /* Block3.png in Resources */,
				6B0315581B8EA48F000AE4AA /* title.png in Resources */,
				6B0315521B8E72E1000AE4AA /* deadHotDog.png in Resources */,
				6B03155E1B8EADCD000AE4AA /* desertWithHotDog.png in Resources */,
				AE65B1F11B8CFEE5008EF023 /* Block2.png in Resources */,
				AECDC3CF1B8F8C9E00310CE0 /* death.mp3 in Resources */,
				B57D74071B87D89200B3838B /* Main.storyboard in Resources */,
				AE8826C91B8DD7CA00486B91 /* bensoundFunnysong.mp3 in Resources */,
				6B0315541B8E72E1000AE4AA /* resume.png in Resources */,
				AE8826C91B8DD7CA00486B91 /* bensoundFunnysong.mp3 in Resources */,
				AE8826CA1B8DD7CA00486B91 /* bensoundBetterdays.mp3 in Resources */,
				AE8826CE1B8DE06200486B91 /* SquishFart.mp3 in Resources */,
				AE8826C81B8DD7CA00486B91 /* bensoundCute.mp3 in Resources */,
				6B52188F1B8C51F100BF9DA4 /* gameBackground.png in Resources */,
				6B0315561B8E9101000AE4AA /* bun.png in Resources */,
				6B0315761B8F816D000AE4AA /* bunView.png in Resources */,
				6B0315531B8E72E1000AE4AA /* pause.png in Resources */,
				6B52188F1B8C51F100BF9DA4 /* gameBackground.png in Resources */,
				6B5218C21B8DAA8D00BF9DA4 /* 5.png in Resources */,
				6B5218891B8BE15700BF9DA4 /* hotdog.png in Resources */,
			);
			runOnlyForDeploymentPostprocessing = 0;
		};
		B57D740F1B87D89200B3838B /* Resources */ = {
			isa = PBXResourcesBuildPhase;
			buildActionMask = 2147483647;
			files = (
			);
			runOnlyForDeploymentPostprocessing = 0;
		};
/* End PBXResourcesBuildPhase section */

/* Begin PBXSourcesBuildPhase section */
		B57D73F41B87D89200B3838B /* Sources */ = {
			isa = PBXSourcesBuildPhase;
			buildActionMask = 2147483647;
			files = (
				AECDC3CB1B8F83F400310CE0 /* SoundFX.swift in Sources */,
				B57D74021B87D89200B3838B /* GameScene.swift in Sources */,
				B535A7EA1B8B8BF1000AF550 /* RandomElements.swift in Sources */,
				AE8826CC1B8DD87900486B91 /* BackgroundMusic.swift in Sources */,
				B57D74041B87D89200B3838B /* GameViewController.swift in Sources */,
				B57D73FE1B87D89200B3838B /* AppDelegate.swift in Sources */,
				AEC2DF471B8BD80600B99985 /* CreatePath.swift in Sources */,
				3490E0BB1B8E40C900EA760D /* GlobalVariables.swift in Sources */,
				B535A7EE1B8BA2A5000AF550 /* Constants.swift in Sources */,
				B535A7F01B8BB231000AF550 /* RandomCaller.swift in Sources */,
				6BCED7231B8BAFBC006967AC /* MenuViewController.swift in Sources */,
				6B5218991B8D44F400BF9DA4 /* SettingsViewController.swift in Sources */,
				6B5218C51B8DABE000BF9DA4 /* HelpViewController.swift in Sources */,
			);
			runOnlyForDeploymentPostprocessing = 0;
		};
		B57D740D1B87D89200B3838B /* Sources */ = {
			isa = PBXSourcesBuildPhase;
			buildActionMask = 2147483647;
			files = (
				B57D74181B87D89200B3838B /* Food_RollerTests.swift in Sources */,
			);
			runOnlyForDeploymentPostprocessing = 0;
		};
/* End PBXSourcesBuildPhase section */

/* Begin PBXTargetDependency section */
		B57D74131B87D89200B3838B /* PBXTargetDependency */ = {
			isa = PBXTargetDependency;
			target = B57D73F71B87D89200B3838B /* Food Roller */;
			targetProxy = B57D74121B87D89200B3838B /* PBXContainerItemProxy */;
		};
/* End PBXTargetDependency section */

/* Begin PBXVariantGroup section */
		B57D74051B87D89200B3838B /* Main.storyboard */ = {
			isa = PBXVariantGroup;
			children = (
				B57D74061B87D89200B3838B /* Base */,
			);
			name = Main.storyboard;
			sourceTree = "<group>";
		};
		B57D740A1B87D89200B3838B /* LaunchScreen.xib */ = {
			isa = PBXVariantGroup;
			children = (
				B57D740B1B87D89200B3838B /* Base */,
			);
			name = LaunchScreen.xib;
			sourceTree = "<group>";
		};
/* End PBXVariantGroup section */

/* Begin XCBuildConfiguration section */
		B57D74191B87D89200B3838B /* Debug */ = {
			isa = XCBuildConfiguration;
			buildSettings = {
				ALWAYS_SEARCH_USER_PATHS = NO;
				CLANG_CXX_LANGUAGE_STANDARD = "gnu++0x";
				CLANG_CXX_LIBRARY = "libc++";
				CLANG_ENABLE_MODULES = YES;
				CLANG_ENABLE_OBJC_ARC = YES;
				CLANG_WARN_BOOL_CONVERSION = YES;
				CLANG_WARN_CONSTANT_CONVERSION = YES;
				CLANG_WARN_DIRECT_OBJC_ISA_USAGE = YES_ERROR;
				CLANG_WARN_EMPTY_BODY = YES;
				CLANG_WARN_ENUM_CONVERSION = YES;
				CLANG_WARN_INT_CONVERSION = YES;
				CLANG_WARN_OBJC_ROOT_CLASS = YES_ERROR;
				CLANG_WARN_UNREACHABLE_CODE = YES;
				CLANG_WARN__DUPLICATE_METHOD_MATCH = YES;
				CODE_SIGN_IDENTITY = "iPhone Developer: Mark Lin (M8GNN87XV6)";
				"CODE_SIGN_IDENTITY[sdk=iphoneos*]" = "iPhone Developer: Mark Lin (M8GNN87XV6)";
				COPY_PHASE_STRIP = NO;
				DEBUG_INFORMATION_FORMAT = "dwarf-with-dsym";
				ENABLE_STRICT_OBJC_MSGSEND = YES;
				GCC_C_LANGUAGE_STANDARD = gnu99;
				GCC_DYNAMIC_NO_PIC = NO;
				GCC_NO_COMMON_BLOCKS = YES;
				GCC_OPTIMIZATION_LEVEL = 0;
				GCC_PREPROCESSOR_DEFINITIONS = (
					"DEBUG=1",
					"$(inherited)",
				);
				GCC_SYMBOLS_PRIVATE_EXTERN = NO;
				GCC_WARN_64_TO_32_BIT_CONVERSION = YES;
				GCC_WARN_ABOUT_RETURN_TYPE = YES_ERROR;
				GCC_WARN_UNDECLARED_SELECTOR = YES;
				GCC_WARN_UNINITIALIZED_AUTOS = YES_AGGRESSIVE;
				GCC_WARN_UNUSED_FUNCTION = YES;
				GCC_WARN_UNUSED_VARIABLE = YES;
				IPHONEOS_DEPLOYMENT_TARGET = 8.4;
				MTL_ENABLE_DEBUG_INFO = YES;
				ONLY_ACTIVE_ARCH = YES;
				PROVISIONING_PROFILE = "";
				SDKROOT = iphoneos;
				SWIFT_OPTIMIZATION_LEVEL = "-Onone";
			};
			name = Debug;
		};
		B57D741A1B87D89200B3838B /* Release */ = {
			isa = XCBuildConfiguration;
			buildSettings = {
				ALWAYS_SEARCH_USER_PATHS = NO;
				CLANG_CXX_LANGUAGE_STANDARD = "gnu++0x";
				CLANG_CXX_LIBRARY = "libc++";
				CLANG_ENABLE_MODULES = YES;
				CLANG_ENABLE_OBJC_ARC = YES;
				CLANG_WARN_BOOL_CONVERSION = YES;
				CLANG_WARN_CONSTANT_CONVERSION = YES;
				CLANG_WARN_DIRECT_OBJC_ISA_USAGE = YES_ERROR;
				CLANG_WARN_EMPTY_BODY = YES;
				CLANG_WARN_ENUM_CONVERSION = YES;
				CLANG_WARN_INT_CONVERSION = YES;
				CLANG_WARN_OBJC_ROOT_CLASS = YES_ERROR;
				CLANG_WARN_UNREACHABLE_CODE = YES;
				CLANG_WARN__DUPLICATE_METHOD_MATCH = YES;
				CODE_SIGN_IDENTITY = "iPhone Developer: Mark Lin (M8GNN87XV6)";
				"CODE_SIGN_IDENTITY[sdk=iphoneos*]" = "iPhone Developer: Mark Lin (M8GNN87XV6)";
				COPY_PHASE_STRIP = NO;
				DEBUG_INFORMATION_FORMAT = "dwarf-with-dsym";
				ENABLE_NS_ASSERTIONS = NO;
				ENABLE_STRICT_OBJC_MSGSEND = YES;
				GCC_C_LANGUAGE_STANDARD = gnu99;
				GCC_NO_COMMON_BLOCKS = YES;
				GCC_WARN_64_TO_32_BIT_CONVERSION = YES;
				GCC_WARN_ABOUT_RETURN_TYPE = YES_ERROR;
				GCC_WARN_UNDECLARED_SELECTOR = YES;
				GCC_WARN_UNINITIALIZED_AUTOS = YES_AGGRESSIVE;
				GCC_WARN_UNUSED_FUNCTION = YES;
				GCC_WARN_UNUSED_VARIABLE = YES;
				IPHONEOS_DEPLOYMENT_TARGET = 8.4;
				MTL_ENABLE_DEBUG_INFO = NO;
				PROVISIONING_PROFILE = "";
				SDKROOT = iphoneos;
				VALIDATE_PRODUCT = YES;
			};
			name = Release;
		};
		B57D741C1B87D89200B3838B /* Debug */ = {
			isa = XCBuildConfiguration;
			buildSettings = {
				ASSETCATALOG_COMPILER_APPICON_NAME = AppIcon;
				CODE_SIGN_IDENTITY = "iPhone Developer";
				"CODE_SIGN_IDENTITY[sdk=iphoneos*]" = "iPhone Developer";
				INFOPLIST_FILE = "Food Roller/Info.plist";
				IPHONEOS_DEPLOYMENT_TARGET = 8.4;
				LD_RUNPATH_SEARCH_PATHS = "$(inherited) @executable_path/Frameworks";
				PRODUCT_NAME = "$(TARGET_NAME)";
				PROVISIONING_PROFILE = "";
				SDKROOT = iphoneos8.4;
			};
			name = Debug;
		};
		B57D741D1B87D89200B3838B /* Release */ = {
			isa = XCBuildConfiguration;
			buildSettings = {
				ASSETCATALOG_COMPILER_APPICON_NAME = AppIcon;
				CODE_SIGN_IDENTITY = "iPhone Developer";
				"CODE_SIGN_IDENTITY[sdk=iphoneos*]" = "iPhone Developer";
				INFOPLIST_FILE = "Food Roller/Info.plist";
				IPHONEOS_DEPLOYMENT_TARGET = 8.4;
				LD_RUNPATH_SEARCH_PATHS = "$(inherited) @executable_path/Frameworks";
				PRODUCT_NAME = "$(TARGET_NAME)";
				PROVISIONING_PROFILE = "";
				SDKROOT = iphoneos8.4;
			};
			name = Release;
		};
		B57D741F1B87D89200B3838B /* Debug */ = {
			isa = XCBuildConfiguration;
			buildSettings = {
				BUNDLE_LOADER = "$(TEST_HOST)";
				FRAMEWORK_SEARCH_PATHS = (
					"$(SDKROOT)/Developer/Library/Frameworks",
					"$(inherited)",
				);
				GCC_PREPROCESSOR_DEFINITIONS = (
					"DEBUG=1",
					"$(inherited)",
				);
				INFOPLIST_FILE = "Food RollerTests/Info.plist";
				LD_RUNPATH_SEARCH_PATHS = "$(inherited) @executable_path/Frameworks @loader_path/Frameworks";
				PRODUCT_NAME = "$(TARGET_NAME)";
				TEST_HOST = "$(BUILT_PRODUCTS_DIR)/Food Roller.app/Food Roller";
			};
			name = Debug;
		};
		B57D74201B87D89200B3838B /* Release */ = {
			isa = XCBuildConfiguration;
			buildSettings = {
				BUNDLE_LOADER = "$(TEST_HOST)";
				FRAMEWORK_SEARCH_PATHS = (
					"$(SDKROOT)/Developer/Library/Frameworks",
					"$(inherited)",
				);
				INFOPLIST_FILE = "Food RollerTests/Info.plist";
				LD_RUNPATH_SEARCH_PATHS = "$(inherited) @executable_path/Frameworks @loader_path/Frameworks";
				PRODUCT_NAME = "$(TARGET_NAME)";
				TEST_HOST = "$(BUILT_PRODUCTS_DIR)/Food Roller.app/Food Roller";
			};
			name = Release;
		};
/* End XCBuildConfiguration section */

/* Begin XCConfigurationList section */
		B57D73F31B87D89200B3838B /* Build configuration list for PBXProject "Food Roller" */ = {
			isa = XCConfigurationList;
			buildConfigurations = (
				B57D74191B87D89200B3838B /* Debug */,
				B57D741A1B87D89200B3838B /* Release */,
			);
			defaultConfigurationIsVisible = 0;
			defaultConfigurationName = Release;
		};
		B57D741B1B87D89200B3838B /* Build configuration list for PBXNativeTarget "Food Roller" */ = {
			isa = XCConfigurationList;
			buildConfigurations = (
				B57D741C1B87D89200B3838B /* Debug */,
				B57D741D1B87D89200B3838B /* Release */,
			);
			defaultConfigurationIsVisible = 0;
			defaultConfigurationName = Release;
		};
		B57D741E1B87D89200B3838B /* Build configuration list for PBXNativeTarget "Food RollerTests" */ = {
			isa = XCConfigurationList;
			buildConfigurations = (
				B57D741F1B87D89200B3838B /* Debug */,
				B57D74201B87D89200B3838B /* Release */,
			);
			defaultConfigurationIsVisible = 0;
			defaultConfigurationName = Release;
		};
/* End XCConfigurationList section */
	};
	rootObject = B57D73F01B87D89200B3838B /* Project object */;
}
